{
  "version": 4,
  "terraform_version": "1.5.7",
  "serial": 19,
  "lineage": "d68f6bb1-f267-26a0-61e6-d6d9cff03b27",
  "outputs": {},
  "resources": [
    {
      "mode": "managed",
      "type": "azurerm_linux_virtual_machine",
      "name": "vm",
      "provider": "provider[\"registry.terraform.io/hashicorp/azurerm\"]",
      "instances": [
        {
          "schema_version": 0,
          "attributes": {
            "additional_capabilities": [],
            "admin_password": null,
            "admin_ssh_key": [
              {
                "public_key": "ssh-rsa AAAAB3NzaC1yc2EAAAADAQABAAACAQC6Ntrph12Mtr6oseX7AmVKrcIg3CAThSdvmHNOHz8ouvjLOc07YyFI73hHq1kU7ICcY86fbOaSQf4FbNLQKpWuuOxj7DBTP7e1ZLvCoTbLQDHuZzhiA3vqw4It9ZplCOcDa+M9JokK45gkIiPjD0TeO14FTQSzWCofEzHYW4lJLSLLqJe7+NZtGGV9zMwCJxP1HsE0ehaYH6d1N+TY2leq1zid6ndGjs6E5BJT6UQc3qgP1LD8S1FuBYRA5IiioBmuEKgE8aELoXdASjbIsRD4Lpb8jfEYOZ4LY9iDlc8oGTzc/lptwPTbMr764WxYNegN4XIA3Te/BpqT3c0g1LoT/POzQJM92D07V8riTTKlbEG5wsfND3T7hnlop7yqLEhyT9mUwQtoOqybW7wFm93s4RsAV/cms2q15xzcRT8/quZ1QS6dfX2hsyzohvXqUb44hBIAj9VJ5Z1cRhOyX5tbT9KiiUkh9tZScFf8Jlr19vu0iuZAWC2e14Y8HemPPsRi9qIKHTek9FDcY8MzczLqtzrLeKaBU3izmE1GWeoyzNrWC4FVXHx9Hd+EbEX6uo6O2FGpT3QNx2VyQjWCeR1EjNyBX0Z8YxU0HT7QvBLzgnrUaOrdmgTCFhXzcrBNZTW0E4/ev9MXsPen9tb50mrlxEnlWQNY3jMyhf3tk9DWYQ== MBacin@MacBook-Air.local\n",
                "username": "azureuser"
              }
            ],
            "admin_username": "azureuser",
            "allow_extension_operations": true,
            "availability_set_id": "",
            "boot_diagnostics": [],
            "bypass_platform_safety_checks_on_user_schedule_enabled": false,
            "capacity_reservation_group_id": "",
            "computer_name": "week07-vm",
            "custom_data": null,
            "dedicated_host_group_id": "",
            "dedicated_host_id": "",
            "disable_password_authentication": true,
            "disk_controller_type": "",
            "edge_zone": "",
            "encryption_at_host_enabled": false,
            "eviction_policy": "",
            "extensions_time_budget": "PT1H30M",
            "gallery_application": [],
            "id": "/subscriptions/9bea7f40-ade6-473e-8329-ea42705a2415/resourceGroups/Week07ResourceGroup/providers/Microsoft.Compute/virtualMachines/week07-vm",
            "identity": [],
            "license_type": "",
            "location": "westeurope",
            "max_bid_price": -1,
            "name": "week07-vm",
            "network_interface_ids": [
              "/subscriptions/9bea7f40-ade6-473e-8329-ea42705a2415/resourceGroups/Week07ResourceGroup/providers/Microsoft.Network/networkInterfaces/week07-nic"
            ],
            "os_disk": [
              {
                "caching": "ReadWrite",
                "diff_disk_settings": [],
                "disk_encryption_set_id": "",
                "disk_size_gb": 30,
                "id": "/subscriptions/9bea7f40-ade6-473e-8329-ea42705a2415/resourceGroups/Week07ResourceGroup/providers/Microsoft.Compute/disks/week07-vm_OsDisk_1_ad9c44be42be4080bfdaf1d1e32c7518",
                "name": "week07-vm_OsDisk_1_ad9c44be42be4080bfdaf1d1e32c7518",
                "secure_vm_disk_encryption_set_id": "",
                "security_encryption_type": "",
                "storage_account_type": "Standard_LRS",
                "write_accelerator_enabled": false
              }
            ],
            "os_image_notification": [],
            "patch_assessment_mode": "ImageDefault",
            "patch_mode": "ImageDefault",
            "plan": [],
            "platform_fault_domain": -1,
            "priority": "Regular",
            "private_ip_address": "10.0.1.4",
            "private_ip_addresses": [
              "10.0.1.4"
            ],
            "provision_vm_agent": true,
            "proximity_placement_group_id": "",
            "public_ip_address": "172.211.17.57",
            "public_ip_addresses": [
              "172.211.17.57"
            ],
            "reboot_setting": "",
            "resource_group_name": "Week07ResourceGroup",
            "secret": [],
            "secure_boot_enabled": false,
            "size": "Standard_B1s",
            "source_image_id": "",
            "source_image_reference": [
              {
                "offer": "UbuntuServer",
                "publisher": "Canonical",
                "sku": "18.04-LTS",
                "version": "latest"
              }
            ],
            "tags": {},
            "termination_notification": [],
            "timeouts": null,
            "user_data": "",
            "virtual_machine_id": "bdad23f1-62a2-47e6-8c51-8ad5d7882196",
            "virtual_machine_scale_set_id": "",
            "vm_agent_platform_updates_enabled": false,
            "vtpm_enabled": false,
            "zone": ""
          },
          "sensitive_attributes": [],
          "private": "eyJlMmJmYjczMC1lY2FhLTExZTYtOGY4OC0zNDM2M2JjN2M0YzAiOnsiY3JlYXRlIjoyNzAwMDAwMDAwMDAwLCJkZWxldGUiOjI3MDAwMDAwMDAwMDAsInJlYWQiOjMwMDAwMDAwMDAwMCwidXBkYXRlIjoyNzAwMDAwMDAwMDAwfX0=",
          "dependencies": [
            "azurerm_network_interface.nic",
            "azurerm_public_ip.public_ip",
            "azurerm_resource_group.rg",
            "azurerm_subnet.subnet",
            "azurerm_virtual_network.vnet"
          ]
        }
      ]
    },
    {
      "mode": "managed",
      "type": "azurerm_network_interface",
      "name": "nic",
      "provider": "provider[\"registry.terraform.io/hashicorp/azurerm\"]",
      "instances": [
        {
          "schema_version": 0,
          "attributes": {
            "accelerated_networking_enabled": false,
            "applied_dns_servers": [],
            "auxiliary_mode": "",
            "auxiliary_sku": "",
            "dns_servers": [],
            "edge_zone": "",
            "id": "/subscriptions/9bea7f40-ade6-473e-8329-ea42705a2415/resourceGroups/Week07ResourceGroup/providers/Microsoft.Network/networkInterfaces/week07-nic",
            "internal_dns_name_label": "",
            "internal_domain_name_suffix": "i3vjcrikpsaevjkbr3elybnxeh.ax.internal.cloudapp.net",
            "ip_configuration": [
              {
                "gateway_load_balancer_frontend_ip_configuration_id": "",
                "name": "internal",
                "primary": true,
                "private_ip_address": "10.0.1.4",
                "private_ip_address_allocation": "Dynamic",
                "private_ip_address_version": "IPv4",
                "public_ip_address_id": "/subscriptions/9bea7f40-ade6-473e-8329-ea42705a2415/resourceGroups/Week07ResourceGroup/providers/Microsoft.Network/publicIPAddresses/week07-public-ip",
                "subnet_id": "/subscriptions/9bea7f40-ade6-473e-8329-ea42705a2415/resourceGroups/Week07ResourceGroup/providers/Microsoft.Network/virtualNetworks/week07-vnet/subnets/week07-subnet"
              }
            ],
            "ip_forwarding_enabled": false,
            "location": "westeurope",
            "mac_address": "7C-ED-8D-11-0C-9A",
            "name": "week07-nic",
            "private_ip_address": "10.0.1.4",
            "private_ip_addresses": [
              "10.0.1.4"
            ],
            "resource_group_name": "Week07ResourceGroup",
            "tags": {},
            "timeouts": null,
            "virtual_machine_id": "/subscriptions/9bea7f40-ade6-473e-8329-ea42705a2415/resourceGroups/Week07ResourceGroup/providers/Microsoft.Compute/virtualMachines/week07-vm"
          },
          "sensitive_attributes": [],
          "private": "eyJlMmJmYjczMC1lY2FhLTExZTYtOGY4OC0zNDM2M2JjN2M0YzAiOnsiY3JlYXRlIjoxODAwMDAwMDAwMDAwLCJkZWxldGUiOjE4MDAwMDAwMDAwMDAsInJlYWQiOjMwMDAwMDAwMDAwMCwidXBkYXRlIjoxODAwMDAwMDAwMDAwfX0=",
          "dependencies": [
            "azurerm_public_ip.public_ip",
            "azurerm_resource_group.rg",
            "azurerm_subnet.subnet",
            "azurerm_virtual_network.vnet"
          ]
        }
      ]
    },
    {
      "mode": "managed",
      "type": "azurerm_network_security_group",
      "name": "nsg",
      "provider": "provider[\"registry.terraform.io/hashicorp/azurerm\"]",
      "instances": [
        {
          "schema_version": 0,
          "attributes": {
            "id": "/subscriptions/9bea7f40-ade6-473e-8329-ea42705a2415/resourceGroups/Week07ResourceGroup/providers/Microsoft.Network/networkSecurityGroups/week07-nsg",
            "location": "westeurope",
            "name": "week07-nsg",
            "resource_group_name": "Week07ResourceGroup",
            "security_rule": [
              {
                "access": "Allow",
                "description": "",
                "destination_address_prefix": "*",
                "destination_address_prefixes": [],
                "destination_application_security_group_ids": [],
                "destination_port_range": "22",
                "destination_port_ranges": [],
                "direction": "Inbound",
                "name": "allow-ssh",
                "priority": 100,
                "protocol": "Tcp",
                "source_address_prefix": "*",
                "source_address_prefixes": [],
                "source_application_security_group_ids": [],
                "source_port_range": "*",
                "source_port_ranges": []
              },
              {
                "access": "Allow",
                "description": "",
                "destination_address_prefix": "*",
                "destination_address_prefixes": [],
                "destination_application_security_group_ids": [],
                "destination_port_range": "22",
                "destination_port_ranges": [],
                "direction": "Inbound",
                "name": "allow_ssh",
                "priority": 1001,
                "protocol": "Tcp",
                "source_address_prefix": "*",
                "source_address_prefixes": [],
                "source_application_security_group_ids": [],
                "source_port_range": "*",
                "source_port_ranges": []
              }
            ],
            "tags": {},
            "timeouts": null
          },
          "sensitive_attributes": [],
          "private": "eyJlMmJmYjczMC1lY2FhLTExZTYtOGY4OC0zNDM2M2JjN2M0YzAiOnsiY3JlYXRlIjoxODAwMDAwMDAwMDAwLCJkZWxldGUiOjE4MDAwMDAwMDAwMDAsInJlYWQiOjMwMDAwMDAwMDAwMCwidXBkYXRlIjoxODAwMDAwMDAwMDAwfX0=",
          "dependencies": [
            "azurerm_resource_group.rg"
          ]
        }
      ]
    },
    {
      "mode": "managed",
      "type": "azurerm_network_security_rule",
      "name": "allow_ssh",
      "provider": "provider[\"registry.terraform.io/hashicorp/azurerm\"]",
      "instances": [
        {
          "schema_version": 0,
          "attributes": {
            "access": "Allow",
            "description": "",
            "destination_address_prefix": "*",
            "destination_address_prefixes": [],
            "destination_application_security_group_ids": [],
            "destination_port_range": "22",
            "destination_port_ranges": [],
            "direction": "Inbound",
            "id": "/subscriptions/9bea7f40-ade6-473e-8329-ea42705a2415/resourceGroups/Week07ResourceGroup/providers/Microsoft.Network/networkSecurityGroups/week07-nsg/securityRules/allow-ssh",
            "name": "allow-ssh",
            "network_security_group_name": "week07-nsg",
            "priority": 100,
            "protocol": "Tcp",
            "resource_group_name": "Week07ResourceGroup",
            "source_address_prefix": "*",
            "source_address_prefixes": [],
            "source_application_security_group_ids": [],
            "source_port_range": "*",
            "source_port_ranges": [],
            "timeouts": null
          },
          "sensitive_attributes": [],
          "private": "eyJlMmJmYjczMC1lY2FhLTExZTYtOGY4OC0zNDM2M2JjN2M0YzAiOnsiY3JlYXRlIjoxODAwMDAwMDAwMDAwLCJkZWxldGUiOjE4MDAwMDAwMDAwMDAsInJlYWQiOjMwMDAwMDAwMDAwMCwidXBkYXRlIjoxODAwMDAwMDAwMDAwfX0=",
          "dependencies": [
            "azurerm_network_security_group.nsg",
            "azurerm_resource_group.rg"
          ]
        }
      ]
    },
    {
      "mode": "managed",
      "type": "azurerm_public_ip",
      "name": "public_ip",
      "provider": "provider[\"registry.terraform.io/hashicorp/azurerm\"]",
      "instances": [
        {
          "schema_version": 0,
          "attributes": {
            "allocation_method": "Static",
            "ddos_protection_mode": "VirtualNetworkInherited",
            "ddos_protection_plan_id": null,
            "domain_name_label": null,
            "domain_name_label_scope": null,
            "edge_zone": "",
            "fqdn": null,
            "id": "/subscriptions/9bea7f40-ade6-473e-8329-ea42705a2415/resourceGroups/Week07ResourceGroup/providers/Microsoft.Network/publicIPAddresses/week07-public-ip",
            "idle_timeout_in_minutes": 4,
            "ip_address": "172.211.17.57",
            "ip_tags": {},
            "ip_version": "IPv4",
            "location": "westeurope",
            "name": "week07-public-ip",
            "public_ip_prefix_id": null,
            "resource_group_name": "Week07ResourceGroup",
            "reverse_fqdn": null,
            "sku": "Standard",
            "sku_tier": "Regional",
            "tags": {},
            "timeouts": null,
            "zones": []
          },
          "sensitive_attributes": [],
          "private": "eyJlMmJmYjczMC1lY2FhLTExZTYtOGY4OC0zNDM2M2JjN2M0YzAiOnsiY3JlYXRlIjoxODAwMDAwMDAwMDAwLCJkZWxldGUiOjE4MDAwMDAwMDAwMDAsInJlYWQiOjMwMDAwMDAwMDAwMCwidXBkYXRlIjoxODAwMDAwMDAwMDAwfX0=",
          "dependencies": [
            "azurerm_resource_group.rg"
          ]
        }
      ]
    },
    {
      "mode": "managed",
      "type": "azurerm_resource_group",
      "name": "rg",
      "provider": "provider[\"registry.terraform.io/hashicorp/azurerm\"]",
      "instances": [
        {
          "schema_version": 0,
          "attributes": {
            "id": "/subscriptions/9bea7f40-ade6-473e-8329-ea42705a2415/resourceGroups/Week07ResourceGroup",
            "location": "westeurope",
            "managed_by": "",
            "name": "Week07ResourceGroup",
            "tags": {},
            "timeouts": null
          },
          "sensitive_attributes": [],
          "private": "eyJlMmJmYjczMC1lY2FhLTExZTYtOGY4OC0zNDM2M2JjN2M0YzAiOnsiY3JlYXRlIjo1NDAwMDAwMDAwMDAwLCJkZWxldGUiOjU0MDAwMDAwMDAwMDAsInJlYWQiOjMwMDAwMDAwMDAwMCwidXBkYXRlIjo1NDAwMDAwMDAwMDAwfX0="
        }
      ]
    },
    {
      "mode": "managed",
      "type": "azurerm_subnet",
      "name": "subnet",
      "provider": "provider[\"registry.terraform.io/hashicorp/azurerm\"]",
      "instances": [
        {
          "schema_version": 0,
          "attributes": {
            "address_prefixes": [
              "10.0.1.0/24"
            ],
            "default_outbound_access_enabled": true,
            "delegation": [],
            "id": "/subscriptions/9bea7f40-ade6-473e-8329-ea42705a2415/resourceGroups/Week07ResourceGroup/providers/Microsoft.Network/virtualNetworks/week07-vnet/subnets/week07-subnet",
            "name": "week07-subnet",
            "private_endpoint_network_policies": "Disabled",
            "private_link_service_network_policies_enabled": true,
            "resource_group_name": "Week07ResourceGroup",
            "service_endpoint_policy_ids": [],
            "service_endpoints": [],
            "timeouts": null,
            "virtual_network_name": "week07-vnet"
          },
          "sensitive_attributes": [],
          "private": "eyJlMmJmYjczMC1lY2FhLTExZTYtOGY4OC0zNDM2M2JjN2M0YzAiOnsiY3JlYXRlIjoxODAwMDAwMDAwMDAwLCJkZWxldGUiOjE4MDAwMDAwMDAwMDAsInJlYWQiOjMwMDAwMDAwMDAwMCwidXBkYXRlIjoxODAwMDAwMDAwMDAwfX0=",
          "dependencies": [
            "azurerm_resource_group.rg",
            "azurerm_virtual_network.vnet"
          ]
        }
      ]
    },
    {
      "mode": "managed",
      "type": "azurerm_subnet_network_security_group_association",
      "name": "nsg_assoc",
      "provider": "provider[\"registry.terraform.io/hashicorp/azurerm\"]",
      "instances": [
        {
          "schema_version": 0,
          "attributes": {
            "id": "/subscriptions/9bea7f40-ade6-473e-8329-ea42705a2415/resourceGroups/Week07ResourceGroup/providers/Microsoft.Network/virtualNetworks/week07-vnet/subnets/week07-subnet",
            "network_security_group_id": "/subscriptions/9bea7f40-ade6-473e-8329-ea42705a2415/resourceGroups/Week07ResourceGroup/providers/Microsoft.Network/networkSecurityGroups/week07-nsg",
            "subnet_id": "/subscriptions/9bea7f40-ade6-473e-8329-ea42705a2415/resourceGroups/Week07ResourceGroup/providers/Microsoft.Network/virtualNetworks/week07-vnet/subnets/week07-subnet",
            "timeouts": null
          },
          "sensitive_attributes": [],
          "private": "eyJlMmJmYjczMC1lY2FhLTExZTYtOGY4OC0zNDM2M2JjN2M0YzAiOnsiY3JlYXRlIjoxODAwMDAwMDAwMDAwLCJkZWxldGUiOjE4MDAwMDAwMDAwMDAsInJlYWQiOjMwMDAwMDAwMDAwMH19",
          "dependencies": [
            "azurerm_network_security_group.nsg",
            "azurerm_resource_group.rg",
            "azurerm_subnet.subnet",
            "azurerm_virtual_network.vnet"
          ]
        }
      ]
    },
    {
      "mode": "managed",
      "type": "azurerm_virtual_network",
      "name": "vnet",
      "provider": "provider[\"registry.terraform.io/hashicorp/azurerm\"]",
      "instances": [
        {
          "schema_version": 0,
          "attributes": {
            "address_space": [
              "10.0.0.0/16"
            ],
            "bgp_community": "",
            "ddos_protection_plan": [],
            "dns_servers": [],
            "edge_zone": "",
            "encryption": [],
            "flow_timeout_in_minutes": 0,
            "guid": "45916a47-7c0a-4a80-a541-8f48bc05b727",
            "id": "/subscriptions/9bea7f40-ade6-473e-8329-ea42705a2415/resourceGroups/Week07ResourceGroup/providers/Microsoft.Network/virtualNetworks/week07-vnet",
            "ip_address_pool": [],
            "location": "westeurope",
            "name": "week07-vnet",
            "private_endpoint_vnet_policies": "Disabled",
            "resource_group_name": "Week07ResourceGroup",
            "subnet": [
              {
                "address_prefixes": [
                  "10.0.1.0/24"
                ],
                "default_outbound_access_enabled": true,
                "delegation": [],
                "id": "/subscriptions/9bea7f40-ade6-473e-8329-ea42705a2415/resourceGroups/Week07ResourceGroup/providers/Microsoft.Network/virtualNetworks/week07-vnet/subnets/week07-subnet",
                "name": "week07-subnet",
                "private_endpoint_network_policies": "Disabled",
                "private_link_service_network_policies_enabled": true,
                "route_table_id": "",
                "security_group": "/subscriptions/9bea7f40-ade6-473e-8329-ea42705a2415/resourceGroups/Week07ResourceGroup/providers/Microsoft.Network/networkSecurityGroups/week07-nsg",
                "service_endpoint_policy_ids": [],
                "service_endpoints": []
              }
            ],
            "tags": {},
            "timeouts": null
          },
          "sensitive_attributes": [],
          "private": "eyJlMmJmYjczMC1lY2FhLTExZTYtOGY4OC0zNDM2M2JjN2M0YzAiOnsiY3JlYXRlIjoxODAwMDAwMDAwMDAwLCJkZWxldGUiOjE4MDAwMDAwMDAwMDAsInJlYWQiOjMwMDAwMDAwMDAwMCwidXBkYXRlIjoxODAwMDAwMDAwMDAwfX0=",
          "dependencies": [
            "azurerm_resource_group.rg"
          ]
        }
      ]
    }
  ],
  "check_results": null
}
